PODS:
  - Flutter (1.0.0)
  - flutter_vnptmap_gl (0.0.1):
    - Flutter
    - MapLibre (= 5.14.0-pre3)
  - geolocator_apple (1.2.0):
    - Flutter
  - MapLibre (5.14.0-pre3)

DEPENDENCIES:
  - Flutter (from `Flutter`)
  - flutter_vnptmap_gl (from `.symlinks/plugins/flutter_vnptmap_gl/ios`)
  - geolocator_apple (from `.symlinks/plugins/geolocator_apple/ios`)

SPEC REPOS:
  trunk:
    - MapLibre

EXTERNAL SOURCES:
  Flutter:
    :path: Flutter
  flutter_vnptmap_gl:
    :path: ".symlinks/plugins/flutter_vnptmap_gl/ios"
  geolocator_apple:
    :path: ".symlinks/plugins/geolocator_apple/ios"

SPEC CHECKSUMS:
  Flutter: f04841e97a9d0b0a8025694d0796dd46242b2854
  flutter_vnptmap_gl: 0f6f497f7da426818953e626dc212deaa30e02ee
  geolocator_apple: cc556e6844d508c95df1e87e3ea6fa4e58c50401
  MapLibre: 620fc933c1d6029b33738c905c1490d024e5d4ef

PODFILE CHECKSUM: 7368163408c647b7eb699d0d788ba6718e18fb8d

COCOAPODS: 1.12.0
